
Microsoft Visual Studio Solution File, Format Version 12.00
# Visual Studio Version 17
VisualStudioVersion = 17.7.34024.191
MinimumVisualStudioVersion = 10.0.40219.1
Project("{FAE04EC0-301F-11D3-BF4B-00C04F79EFBC}") = "ButtonSpinner", "src\ButtonSpinner.csproj", "{F5A34A7B-E6BE-4CFC-B1F5-C8594681B5D0}"
EndProject
Global
	GlobalSection(SolutionConfigurationPlatforms) = preSolution
		Debug|Any CPU = Debug|Any CPU
		Release|Any CPU = Release|Any CPU
	EndGlobalSection
	GlobalSection(ProjectConfigurationPlatforms) = postSolution
		{F5A34A7B-E6BE-4CFC-B1F5-C8594681B5D0}.Debug|Any CPU.ActiveCfg = Debug|Any CPU
		{F5A34A7B-E6BE-4CFC-B1F5-C8594681B5D0}.Debug|Any CPU.Build.0 = Debug|Any CPU
		{F5A34A7B-E6BE-4CFC-B1F5-C8594681B5D0}.Debug|Any CPU.Deploy.0 = Debug|Any CPU
		{F5A34A7B-E6BE-4CFC-B1F5-C8594681B5D0}.Release|Any CPU.ActiveCfg = Release|Any CPU
		{F5A34A7B-E6BE-4CFC-B1F5-C8594681B5D0}.Release|Any CPU.Build.0 = Release|Any CPU
		{F5A34A7B-E6BE-4CFC-B1F5-C8594681B5D0}.Release|Any CPU.Deploy.0 = Release|Any CPU
	EndGlobalSection
	GlobalSection(SolutionProperties) = preSolution
		HideSolutionNode = FALSE
	EndGlobalSection
	GlobalSection(ExtensibilityGlobals) = postSolution
		SolutionGuid = {E9C93E65-1B0E-419B-ACE2-643551A4360A}
	EndGlobalSection
EndGlobal
